
Microsoft Visual Studio Solution File, Format Version 12.00
# Visual Studio 2012
Project("{FAE04EC0-301F-11D3-BF4B-00C04F79EFBC}") = "GCon Web 1", "GCon Web 1\GCon Web 1.csproj", "{5724E9BA-F5B8-411B-A44C-FC7B6BA10BD9}"
EndProject
Global
	GlobalSection(SolutionConfigurationPlatforms) = preSolution
		Debug|Any CPU = Debug|Any CPU
		Release|Any CPU = Release|Any CPU
	EndGlobalSection
	GlobalSection(ProjectConfigurationPlatforms) = postSolution
		{5724E9BA-F5B8-411B-A44C-FC7B6BA10BD9}.Debug|Any CPU.ActiveCfg = Debug|Any CPU
		{5724E9BA-F5B8-411B-A44C-FC7B6BA10BD9}.Debug|Any CPU.Build.0 = Debug|Any CPU
		{5724E9BA-F5B8-411B-A44C-FC7B6BA10BD9}.Release|Any CPU.ActiveCfg = Release|Any CPU
		{5724E9BA-F5B8-411B-A44C-FC7B6BA10BD9}.Release|Any CPU.Build.0 = Release|Any CPU
	EndGlobalSection
	GlobalSection(SolutionProperties) = preSolution
		HideSolutionNode = FALSE
	EndGlobalSection
EndGlobal
